
Microsoft Visual Studio Solution File, Format Version 12.00
# Visual Studio Version 17
VisualStudioVersion = 17.11.35312.102
MinimumVisualStudioVersion = 10.0.40219.1
Project("{FAE04EC0-301F-11D3-BF4B-00C04F79EFBC}") = "USAShavings", "USAShavings.csproj", "{9EC7990F-56F7-4730-B22D-67AC7812C7BC}"
EndProject
Global
	GlobalSection(SolutionConfigurationPlatforms) = preSolution
		Debug|Any CPU = Debug|Any CPU
		Release|Any CPU = Release|Any CPU
	EndGlobalSection
	GlobalSection(ProjectConfigurationPlatforms) = postSolution
		{9EC7990F-56F7-4730-B22D-67AC7812C7BC}.Debug|Any CPU.ActiveCfg = Debug|Any CPU
		{9EC7990F-56F7-4730-B22D-67AC7812C7BC}.Debug|Any CPU.Build.0 = Debug|Any CPU
		{9EC7990F-56F7-4730-B22D-67AC7812C7BC}.Release|Any CPU.ActiveCfg = Release|Any CPU
		{9EC7990F-56F7-4730-B22D-67AC7812C7BC}.Release|Any CPU.Build.0 = Release|Any CPU
	EndGlobalSection
	GlobalSection(SolutionProperties) = preSolution
		HideSolutionNode = FALSE
	EndGlobalSection
	GlobalSection(ExtensibilityGlobals) = postSolution
		SolutionGuid = {B5062B8C-C9A2-4F6F-8D8C-2C0C29DA611E}
	EndGlobalSection
EndGlobal
